// !$*UTF8*$!
{
	archiveVersion = 1;
	classes = {
	};
	objectVersion = 50;
	objects = {

/* Begin PBXBuildFile section */
		704FF9AD2650D0BD006C83DB /* HolidaysTableViewController.swift in Sources */ = {isa = PBXBuildFile; fileRef = 704FF9AC2650D0BD006C83DB /* HolidaysTableViewController.swift */; };
		704FF9AF2650DCBF006C83DB /* Holiday.swift in Sources */ = {isa = PBXBuildFile; fileRef = 704FF9AE2650DCBF006C83DB /* Holiday.swift */; };
		704FF9B32650E0DD006C83DB /* HolidayRequest.swift in Sources */ = {isa = PBXBuildFile; fileRef = 704FF9B22650E0DD006C83DB /* HolidayRequest.swift */; };
		70740B842650CD5000E05D07 /* AppDelegate.swift in Sources */ = {isa = PBXBuildFile; fileRef = 70740B832650CD5000E05D07 /* AppDelegate.swift */; };
		70740B862650CD5000E05D07 /* SceneDelegate.swift in Sources */ = {isa = PBXBuildFile; fileRef = 70740B852650CD5000E05D07 /* SceneDelegate.swift */; };
		70740B8B2650CD5000E05D07 /* Main.storyboard in Resources */ = {isa = PBXBuildFile; fileRef = 70740B892650CD5000E05D07 /* Main.storyboard */; };
		70740B8D2650CD5200E05D07 /* Assets.xcassets in Resources */ = {isa = PBXBuildFile; fileRef = 70740B8C2650CD5200E05D07 /* Assets.xcassets */; };
		70740B902650CD5200E05D07 /* LaunchScreen.storyboard in Resources */ = {isa = PBXBuildFile; fileRef = 70740B8E2650CD5200E05D07 /* LaunchScreen.storyboard */; };
/* End PBXBuildFile section */

/* Begin PBXFileReference section */
		704FF9AC2650D0BD006C83DB /* HolidaysTableViewController.swift */ = {isa = PBXFileReference; lastKnownFileType = sourcecode.swift; path = HolidaysTableViewController.swift; sourceTree = "<group>"; };
		704FF9AE2650DCBF006C83DB /* Holiday.swift */ = {isa = PBXFileReference; lastKnownFileType = sourcecode.swift; path = Holiday.swift; sourceTree = "<group>"; };
		704FF9B22650E0DD006C83DB /* HolidayRequest.swift */ = {isa = PBXFileReference; lastKnownFileType = sourcecode.swift; path = HolidayRequest.swift; sourceTree = "<group>"; };
		70740B802650CD5000E05D07 /* api-holiday.app */ = {isa = PBXFileReference; explicitFileType = wrapper.application; includeInIndex = 0; path = "api-holiday.app"; sourceTree = BUILT_PRODUCTS_DIR; };
		70740B832650CD5000E05D07 /* AppDelegate.swift */ = {isa = PBXFileReference; lastKnownFileType = sourcecode.swift; path = AppDelegate.swift; sourceTree = "<group>"; };
		70740B852650CD5000E05D07 /* SceneDelegate.swift */ = {isa = PBXFileReference; lastKnownFileType = sourcecode.swift; path = SceneDelegate.swift; sourceTree = "<group>"; };
		70740B8A2650CD5000E05D07 /* Base */ = {isa = PBXFileReference; lastKnownFileType = file.storyboard; name = Base; path = Base.lproj/Main.storyboard; sourceTree = "<group>"; };
		70740B8C2650CD5200E05D07 /* Assets.xcassets */ = {isa = PBXFileReference; lastKnownFileType = folder.assetcatalog; path = Assets.xcassets; sourceTree = "<group>"; };
		70740B8F2650CD5200E05D07 /* Base */ = {isa = PBXFileReference; lastKnownFileType = file.storyboard; name = Base; path = Base.lproj/LaunchScreen.storyboard; sourceTree = "<group>"; };
		70740B912650CD5200E05D07 /* Info.plist */ = {isa = PBXFileReference; lastKnownFileType = text.plist.xml; path = Info.plist; sourceTree = "<group>"; };
/* End PBXFileReference section */

/* Begin PBXFrameworksBuildPhase section */
		70740B7D2650CD5000E05D07 /* Frameworks */ = {
			isa = PBXFrameworksBuildPhase;
			buildActionMask = 2147483647;
			files = (
			);
			runOnlyForDeploymentPostprocessing = 0;
		};
/* End PBXFrameworksBuildPhase section */

/* Begin PBXGroup section */
		70740B772650CD5000E05D07 = {
			isa = PBXGroup;
			children = (
				70740B822650CD5000E05D07 /* api-holiday */,
				70740B812650CD5000E05D07 /* Products */,
			);
			sourceTree = "<group>";
		};
		70740B812650CD5000E05D07 /* Products */ = {
			isa = PBXGroup;
			children = (
				70740B802650CD5000E05D07 /* api-holiday.app */,
			);
			name = Products;
			sourceTree = "<group>";
		};
		70740B822650CD5000E05D07 /* api-holiday */ = {
			isa = PBXGroup;
			children = (
				70740B832650CD5000E05D07 /* AppDelegate.swift */,
				70740B852650CD5000E05D07 /* SceneDelegate.swift */,
				70740B892650CD5000E05D07 /* Main.storyboard */,
				70740B8C2650CD5200E05D07 /* Assets.xcassets */,
				70740B8E2650CD5200E05D07 /* LaunchScreen.storyboard */,
				70740B912650CD5200E05D07 /* Info.plist */,
				704FF9AC2650D0BD006C83DB /* HolidaysTableViewController.swift */,
				704FF9AE2650DCBF006C83DB /* Holiday.swift */,
				704FF9B22650E0DD006C83DB /* HolidayRequest.swift */,
			);
			path = "api-holiday";
			sourceTree = "<group>";
		};
/* End PBXGroup section */

/* Begin PBXNativeTarget section */
		70740B7F2650CD5000E05D07 /* api-holiday */ = {
			isa = PBXNativeTarget;
			buildConfigurationList = 70740B942650CD5200E05D07 /* Build configuration list for PBXNativeTarget "api-holiday" */;
			buildPhases = (
				70740B7C2650CD5000E05D07 /* Sources */,
				70740B7D2650CD5000E05D07 /* Frameworks */,
				70740B7E2650CD5000E05D07 /* Resources */,
			);
			buildRules = (
			);
			dependencies = (
			);
			name = "api-holiday";
			productName = "api-holiday";
			productReference = 70740B802650CD5000E05D07 /* api-holiday.app */;
			productType = "com.apple.product-type.application";
		};
/* End PBXNativeTarget section */

/* Begin PBXProject section */
		70740B782650CD5000E05D07 /* Project object */ = {
			isa = PBXProject;
			attributes = {
				LastSwiftUpdateCheck = 1250;
				LastUpgradeCheck = 1250;
				TargetAttributes = {
					70740B7F2650CD5000E05D07 = {
						CreatedOnToolsVersion = 12.5;
					};
				};
			};
			buildConfigurationList = 70740B7B2650CD5000E05D07 /* Build configuration list for PBXProject "api-holiday" */;
			compatibilityVersion = "Xcode 9.3";
			developmentRegion = en;
			hasScannedForEncodings = 0;
			knownRegions = (
				en,
				Base,
			);
			mainGroup = 70740B772650CD5000E05D07;
			productRefGroup = 70740B812650CD5000E05D07 /* Products */;
			projectDirPath = "";
			projectRoot = "";
			targets = (
				70740B7F2650CD5000E05D07 /* api-holiday */,
			);
		};
/* End PBXProject section */

/* Begin PBXResourcesBuildPhase section */
		70740B7E2650CD5000E05D07 /* Resources */ = {
			isa = PBXResourcesBuildPhase;
			buildActionMask = 2147483647;
			files = (
				70740B902650CD5200E05D07 /* LaunchScreen.storyboard in Resources */,
				70740B8D2650CD5200E05D07 /* Assets.xcassets in Resources */,
				70740B8B2650CD5000E05D07 /* Main.storyboard in Resources */,
			);
			runOnlyForDeploymentPostprocessing = 0;
		};
/* End PBXResourcesBuildPhase section */

/* Begin PBXSourcesBuildPhase section */
		70740B7C2650CD5000E05D07 /* Sources */ = {
			isa = PBXSourcesBuildPhase;
			buildActionMask = 2147483647;
			files = (
				704FF9AD2650D0BD006C83DB /* HolidaysTableViewController.swift in Sources */,
				704FF9B32650E0DD006C83DB /* HolidayRequest.swift in Sources */,
				70740B842650CD5000E05D07 /* AppDelegate.swift in Sources */,
				704FF9AF2650DCBF006C83DB /* Holiday.swift in Sources */,
				70740B862650CD5000E05D07 /* SceneDelegate.swift in Sources */,
			);
			runOnlyForDeploymentPostprocessing = 0;
		};
/* End PBXSourcesBuildPhase section */

/* Begin PBXVariantGroup section */
		70740B892650CD5000E05D07 /* Main.storyboard */ = {
			isa = PBXVariantGroup;
			children = (
				70740B8A2650CD5000E05D07 /* Base */,
			);
			name = Main.storyboard;
			sourceTree = "<group>";
		};
		70740B8E2650CD5200E05D07 /* LaunchScreen.storyboard */ = {
			isa = PBXVariantGroup;
			children = (
				70740B8F2650CD5200E05D07 /* Base */,
			);
			name = LaunchScreen.storyboard;
			sourceTree = "<group>";
		};
/* End PBXVariantGroup section */

/* Begin XCBuildConfiguration section */
		70740B922650CD5200E05D07 /* Debug */ = {
			isa = XCBuildConfiguration;
			buildSettings = {
				ALWAYS_SEARCH_USER_PATHS = NO;
				CLANG_ANALYZER_NONNULL = YES;
				CLANG_ANALYZER_NUMBER_OBJECT_CONVERSION = YES_AGGRESSIVE;
				CLANG_CXX_LANGUAGE_STANDARD = "gnu++14";
				CLANG_CXX_LIBRARY = "libc++";
				CLANG_ENABLE_MODULES = YES;
				CLANG_ENABLE_OBJC_ARC = YES;
				CLANG_ENABLE_OBJC_WEAK = YES;
				CLANG_WARN_BLOCK_CAPTURE_AUTORELEASING = YES;
				CLANG_WARN_BOOL_CONVERSION = YES;
				CLANG_WARN_COMMA = YES;
				CLANG_WARN_CONSTANT_CONVERSION = YES;
				CLANG_WARN_DEPRECATED_OBJC_IMPLEMENTATIONS = YES;
				CLANG_WARN_DIRECT_OBJC_ISA_USAGE = YES_ERROR;
				CLANG_WARN_DOCUMENTATION_COMMENTS = YES;
				CLANG_WARN_EMPTY_BODY = YES;
				CLANG_WARN_ENUM_CONVERSION = YES;
				CLANG_WARN_INFINITE_RECURSION = YES;
				CLANG_WARN_INT_CONVERSION = YES;
				CLANG_WARN_NON_LITERAL_NULL_CONVERSION = YES;
				CLANG_WARN_OBJC_IMPLICIT_RETAIN_SELF = YES;
				CLANG_WARN_OBJC_LITERAL_CONVERSION = YES;
				CLANG_WARN_OBJC_ROOT_CLASS = YES_ERROR;
				CLANG_WARN_QUOTED_INCLUDE_IN_FRAMEWORK_HEADER = YES;
				CLANG_WARN_RANGE_LOOP_ANALYSIS = YES;
				CLANG_WARN_STRICT_PROTOTYPES = YES;
				CLANG_WARN_SUSPICIOUS_MOVE = YES;
				CLANG_WARN_UNGUARDED_AVAILABILITY = YES_AGGRESSIVE;
				CLANG_WARN_UNREACHABLE_CODE = YES;
				CLANG_WARN__DUPLICATE_METHOD_MATCH = YES;
				COPY_PHASE_STRIP = NO;
				DEBUG_INFORMATION_FORMAT = dwarf;
				ENABLE_STRICT_OBJC_MSGSEND = YES;
				ENABLE_TESTABILITY = YES;
				GCC_C_LANGUAGE_STANDARD = gnu11;
				GCC_DYNAMIC_NO_PIC = NO;
				GCC_NO_COMMON_BLOCKS = YES;
				GCC_OPTIMIZATION_LEVEL = 0;
				GCC_PREPROCESSOR_DEFINITIONS = (
					"DEBUG=1",
					"$(inherited)",
				);
				GCC_WARN_64_TO_32_BIT_CONVERSION = YES;
				GCC_WARN_ABOUT_RETURN_TYPE = YES_ERROR;
				GCC_WARN_UNDECLARED_SELECTOR = YES;
				GCC_WARN_UNINITIALIZED_AUTOS = YES_AGGRESSIVE;
				GCC_WARN_UNUSED_FUNCTION = YES;
				GCC_WARN_UNUSED_VARIABLE = YES;
				IPHONEOS_DEPLOYMENT_TARGET = 14.5;
				MTL_ENABLE_DEBUG_INFO = INCLUDE_SOURCE;
				MTL_FAST_MATH = YES;
				ONLY_ACTIVE_ARCH = YES;
				SDKROOT = iphoneos;
				SWIFT_ACTIVE_COMPILATION_CONDITIONS = DEBUG;
				SWIFT_OPTIMIZATION_LEVEL = "-Onone";
			};
			name = Debug;
		};
		70740B932650CD5200E05D07 /* Release */ = {
			isa = XCBuildConfiguration;
			buildSettings = {
				ALWAYS_SEARCH_USER_PATHS = NO;
				CLANG_ANALYZER_NONNULL = YES;
				CLANG_ANALYZER_NUMBER_OBJECT_CONVERSION = YES_AGGRESSIVE;
				CLANG_CXX_LANGUAGE_STANDARD = "gnu++14";
				CLANG_CXX_LIBRARY = "libc++";
				CLANG_ENABLE_MODULES = YES;
				CLANG_ENABLE_OBJC_ARC = YES;
				CLANG_ENABLE_OBJC_WEAK = YES;
				CLANG_WARN_BLOCK_CAPTURE_AUTORELEASING = YES;
				CLANG_WARN_BOOL_CONVERSION = YES;
				CLANG_WARN_COMMA = YES;
				CLANG_WARN_CONSTANT_CONVERSION = YES;
				CLANG_WARN_DEPRECATED_OBJC_IMPLEMENTATIONS = YES;
				CLANG_WARN_DIRECT_OBJC_ISA_USAGE = YES_ERROR;
				CLANG_WARN_DOCUMENTATION_COMMENTS = YES;
				CLANG_WARN_EMPTY_BODY = YES;
				CLANG_WARN_ENUM_CONVERSION = YES;
				CLANG_WARN_INFINITE_RECURSION = YES;
				CLANG_WARN_INT_CONVERSION = YES;
				CLANG_WARN_NON_LITERAL_NULL_CONVERSION = YES;
				CLANG_WARN_OBJC_IMPLICIT_RETAIN_SELF = YES;
				CLANG_WARN_OBJC_LITERAL_CONVERSION = YES;
				CLANG_WARN_OBJC_ROOT_CLASS = YES_ERROR;
				CLANG_WARN_QUOTED_INCLUDE_IN_FRAMEWORK_HEADER = YES;
				CLANG_WARN_RANGE_LOOP_ANALYSIS = YES;
				CLANG_WARN_STRICT_PROTOTYPES = YES;
				CLANG_WARN_SUSPICIOUS_MOVE = YES;
				CLANG_WARN_UNGUARDED_AVAILABILITY = YES_AGGRESSIVE;
				CLANG_WARN_UNREACHABLE_CODE = YES;
				CLANG_WARN__DUPLICATE_METHOD_MATCH = YES;
				COPY_PHASE_STRIP = NO;
				DEBUG_INFORMATION_FORMAT = "dwarf-with-dsym";
				ENABLE_NS_ASSERTIONS = NO;
				ENABLE_STRICT_OBJC_MSGSEND = YES;
				GCC_C_LANGUAGE_STANDARD = gnu11;
				GCC_NO_COMMON_BLOCKS = YES;
				GCC_WARN_64_TO_32_BIT_CONVERSION = YES;
				GCC_WARN_ABOUT_RETURN_TYPE = YES_ERROR;
				GCC_WARN_UNDECLARED_SELECTOR = YES;
				GCC_WARN_UNINITIALIZED_AUTOS = YES_AGGRESSIVE;
				GCC_WARN_UNUSED_FUNCTION = YES;
				GCC_WARN_UNUSED_VARIABLE = YES;
				IPHONEOS_DEPLOYMENT_TARGET = 14.5;
				MTL_ENABLE_DEBUG_INFO = NO;
				MTL_FAST_MATH = YES;
				SDKROOT = iphoneos;
				SWIFT_COMPILATION_MODE = wholemodule;
				SWIFT_OPTIMIZATION_LEVEL = "-O";
				VALIDATE_PRODUCT = YES;
			};
			name = Release;
		};
		70740B952650CD5200E05D07 /* Debug */ = {
			isa = XCBuildConfiguration;
			buildSettings = {
				ASSETCATALOG_COMPILER_APPICON_NAME = AppIcon;
				ASSETCATALOG_COMPILER_GLOBAL_ACCENT_COLOR_NAME = AccentColor;
				CODE_SIGN_STYLE = Automatic;
				INFOPLIST_FILE = "api-holiday/Info.plist";
				LD_RUNPATH_SEARCH_PATHS = (
					"$(inherited)",
					"@executable_path/Frameworks",
				);
				PRODUCT_BUNDLE_IDENTIFIER = "br.com.alura.api-holiday";
				PRODUCT_NAME = "$(TARGET_NAME)";
				SWIFT_VERSION = 5.0;
				TARGETED_DEVICE_FAMILY = "1,2";
			};
			name = Debug;
		};
		70740B962650CD5200E05D07 /* Release */ = {
			isa = XCBuildConfiguration;
			buildSettings = {
				ASSETCATALOG_COMPILER_APPICON_NAME = AppIcon;
				ASSETCATALOG_COMPILER_GLOBAL_ACCENT_COLOR_NAME = AccentColor;
				CODE_SIGN_STYLE = Automatic;
				INFOPLIST_FILE = "api-holiday/Info.plist";
				LD_RUNPATH_SEARCH_PATHS = (
					"$(inherited)",
					"@executable_path/Frameworks",
				);
				PRODUCT_BUNDLE_IDENTIFIER = "br.com.alura.api-holiday";
				PRODUCT_NAME = "$(TARGET_NAME)";
				SWIFT_VERSION = 5.0;
				TARGETED_DEVICE_FAMILY = "1,2";
			};
			name = Release;
		};
/* End XCBuildConfiguration section */

/* Begin XCConfigurationList section */
		70740B7B2650CD5000E05D07 /* Build configuration list for PBXProject "api-holiday" */ = {
			isa = XCConfigurationList;
			buildConfigurations = (
				70740B922650CD5200E05D07 /* Debug */,
				70740B932650CD5200E05D07 /* Release */,
			);
			defaultConfigurationIsVisible = 0;
			defaultConfigurationName = Release;
		};
		70740B942650CD5200E05D07 /* Build configuration list for PBXNativeTarget "api-holiday" */ = {
			isa = XCConfigurationList;
			buildConfigurations = (
				70740B952650CD5200E05D07 /* Debug */,
				70740B962650CD5200E05D07 /* Release */,
			);
			defaultConfigurationIsVisible = 0;
			defaultConfigurationName = Release;
		};
/* End XCConfigurationList section */
	};
	rootObject = 70740B782650CD5000E05D07 /* Project object */;
}
